{
  "originHash" : "95ad943ae0c53371aa2b7254d5323e632f0bbba5676a210b85586c1b0b281146",
  "pins" : [
    {
      "identity" : "skylightwindow",
      "kind" : "remoteSourceControl",
      "location" : "https://github.com/Lakr233/SkyLightWindow",
      "state" : {
        "revision" : "b7bd99f62a0673a99bed4bfd31098ca1dcdd10eb",
        "version" : "1.0.0"
      }
    }
  ],
  "version" : 3
}
